
Microsoft Visual Studio Solution File, Format Version 11.00
# Visual Studio 2010
Project("{FAE04EC0-301F-11D3-BF4B-00C04F79EFBC}") = "CRMObjects", "CRMObjects\CRMObjects.csproj", "{BAEAD0AF-AD02-4B90-A068-779C908676F5}"
EndProject
Project("{FAE04EC0-301F-11D3-BF4B-00C04F79EFBC}") = "WindowsFormsApplication2", "WindowsFormsApplication2\WindowsFormsApplication2.csproj", "{66086BD5-D5D3-4B07-9BDD-0856AF40A88D}"
EndProject
Global
	GlobalSection(TeamFoundationVersionControl) = preSolution
		SccNumberOfProjects = 3
		SccEnterpriseProvider = {4CA58AB2-18FA-4F8D-95D4-32DDF27D184C}
		SccTeamFoundationServer = http://jgsptfs01:8080/
		SccLocalPath0 = .
		SccProjectUniqueName1 = CRMObjects\\CRMObjects.csproj
		SccProjectName1 = CRMObjects
		SccLocalPath1 = CRMObjects
		SccProjectUniqueName2 = WindowsFormsApplication2\\WindowsFormsApplication2.csproj
		SccProjectName2 = WindowsFormsApplication2
		SccLocalPath2 = WindowsFormsApplication2
	EndGlobalSection
	GlobalSection(SolutionConfigurationPlatforms) = preSolution
		Debug|Any CPU = Debug|Any CPU
		Debug|Mixed Platforms = Debug|Mixed Platforms
		Debug|x86 = Debug|x86
		Release|Any CPU = Release|Any CPU
		Release|Mixed Platforms = Release|Mixed Platforms
		Release|x86 = Release|x86
	EndGlobalSection
	GlobalSection(ProjectConfigurationPlatforms) = postSolution
		{BAEAD0AF-AD02-4B90-A068-779C908676F5}.Debug|Any CPU.ActiveCfg = Debug|Any CPU
		{BAEAD0AF-AD02-4B90-A068-779C908676F5}.Debug|Any CPU.Build.0 = Debug|Any CPU
		{BAEAD0AF-AD02-4B90-A068-779C908676F5}.Debug|Mixed Platforms.ActiveCfg = Debug|Any CPU
		{BAEAD0AF-AD02-4B90-A068-779C908676F5}.Debug|Mixed Platforms.Build.0 = Debug|Any CPU
		{BAEAD0AF-AD02-4B90-A068-779C908676F5}.Debug|x86.ActiveCfg = Debug|Any CPU
		{BAEAD0AF-AD02-4B90-A068-779C908676F5}.Release|Any CPU.ActiveCfg = Release|Any CPU
		{BAEAD0AF-AD02-4B90-A068-779C908676F5}.Release|Any CPU.Build.0 = Release|Any CPU
		{BAEAD0AF-AD02-4B90-A068-779C908676F5}.Release|Mixed Platforms.ActiveCfg = Release|Any CPU
		{BAEAD0AF-AD02-4B90-A068-779C908676F5}.Release|Mixed Platforms.Build.0 = Release|Any CPU
		{BAEAD0AF-AD02-4B90-A068-779C908676F5}.Release|x86.ActiveCfg = Release|Any CPU
		{66086BD5-D5D3-4B07-9BDD-0856AF40A88D}.Debug|Any CPU.ActiveCfg = Debug|x86
		{66086BD5-D5D3-4B07-9BDD-0856AF40A88D}.Debug|Mixed Platforms.ActiveCfg = Debug|x86
		{66086BD5-D5D3-4B07-9BDD-0856AF40A88D}.Debug|Mixed Platforms.Build.0 = Debug|x86
		{66086BD5-D5D3-4B07-9BDD-0856AF40A88D}.Debug|x86.ActiveCfg = Debug|x86
		{66086BD5-D5D3-4B07-9BDD-0856AF40A88D}.Debug|x86.Build.0 = Debug|x86
		{66086BD5-D5D3-4B07-9BDD-0856AF40A88D}.Release|Any CPU.ActiveCfg = Release|x86
		{66086BD5-D5D3-4B07-9BDD-0856AF40A88D}.Release|Mixed Platforms.ActiveCfg = Release|x86
		{66086BD5-D5D3-4B07-9BDD-0856AF40A88D}.Release|Mixed Platforms.Build.0 = Release|x86
		{66086BD5-D5D3-4B07-9BDD-0856AF40A88D}.Release|x86.ActiveCfg = Release|x86
		{66086BD5-D5D3-4B07-9BDD-0856AF40A88D}.Release|x86.Build.0 = Release|x86
	EndGlobalSection
	GlobalSection(SolutionProperties) = preSolution
		HideSolutionNode = FALSE
	EndGlobalSection
EndGlobal
